{
  "name": "paperclip-plugin-charter",
  "version": "1.0.0",
  "lockfileVersion": 3,
  "requires": true,
  "packages": {
    "": {
      "name": "paperclip-plugin-charter",
      "version": "1.0.0",
      "license": "ISC",
      "dependencies": {
        "@paperclipai/plugin-sdk": "^2026.626.0"
      }
    },
    "node_modules/@paperclipai/plugin-sdk": {
      "version": "2026.626.0",
      "resolved": "https://registry.npmjs.org/@paperclipai/plugin-sdk/-/plugin-sdk-2026.626.0.tgz",
      "integrity": "sha512-L+iIr6dFQB+JqGbitxLwloH2s+EI87ij9ooIEvND0jW81h84DxfJHep7whSmYv7Ke74Q8mmQ5O0k829BVwIEew==",
      "license": "MIT",
      "dependencies": {
        "@paperclipai/shared": "2026.626.0",
        "zod": "^3.24.2"
      },
      "bin": {
        "paperclip-plugin-dev-server": "dist/dev-cli.js"
      },
      "peerDependencies": {
        "react": ">=18"
      },
      "peerDependenciesMeta": {
        "react": {
          "optional": true
        }
      }
    },
    "node_modules/@paperclipai/shared": {
      "version": "2026.626.0",
      "resolved": "https://registry.npmjs.org/@paperclipai/shared/-/shared-2026.626.0.tgz",
      "integrity": "sha512-LC4jkCXBEjsnUomWiiMU9l30JgaAvnaOV1xcw0a30u8/BkLaMqOlmzhYCFuldTlkr9O31mUpIPiLOeu7sQGjAA==",
      "license": "MIT",
      "dependencies": {
        "zod": "^3.24.2"
      }
    },
    "node_modules/zod": {
      "version": "3.25.76",
      "resolved": "https://registry.npmjs.org/zod/-/zod-3.25.76.tgz",
      "integrity": "sha512-gzUt/qt81nXsFGKIFcC3YnfEAx5NkunCfnDlvuBSSFS02bcXu4Lmea0AFIUwbLWxWPx3d9p8S5QoaujKcNQxcQ==",
      "license": "MIT",
      "funding": {
        "url": "https://github.com/sponsors/colinhacks"
      }
    }
  }
}
